<?xml version="1.0" encoding="utf-8"?>
<Project ToolsVersion="4.0" xmlns="http://schemas.microsoft.com/developer/msbuild/2003">
  <ItemGroup>
    <Filter Include="Source Files">
      <UniqueIdentifier>{4FC737F1-C7A5-4376-A066-2A32D752A2FF}</UniqueIdentifier>
      <Extensions>cpp;c;cc;cxx;c++;cppm;ixx;def;odl;idl;hpj;bat;asm;asmx</Extensions>
    </Filter>
    <Filter Include="Header Files">
      <UniqueIdentifier>{93995380-89BD-4b04-88EB-625FBE52EBFB}</UniqueIdentifier>
      <Extensions>h;hh;hpp;hxx;h++;hm;inl;inc;ipp;xsd</Extensions>
    </Filter>
    <Filter Include="Resource Files">
      <UniqueIdentifier>{67DA6AB6-F800-4c08-8B7A-83BB121AAD01}</UniqueIdentifier>
      <Extensions>rc;ico;cur;bmp;dlg;rc2;rct;bin;rgs;gif;jpg;jpeg;jpe;resx;tiff;tif;png;wav;mfcribbon-ms</Extensions>
    </Filter>
  </ItemGroup>
  <ItemGroup>
    <ClCompile Include="handleProto.h">
      <Filter>Source Files</Filter>
    </ClCompile>
    <ClCompile Include="mainFunc.cpp">
      <Filter>Source Files</Filter>
    </ClCompile>
    <ClCompile Include="x64\Debug\.NETFramework,Version=v4.7.2.AssemblyAttributes.cpp">
      <Filter>Source Files</Filter>
    </ClCompile>
  </ItemGroup>
  <ItemGroup>
    <ClInclude Include="ipc.h">
      <Filter>Source Files</Filter>
    </ClInclude>
    <ClInclude Include="struct.h">
      <Filter>Source Files</Filter>
    </ClInclude>
    <ClInclude Include="ether_ntoa.h">
      <Filter>Source Files</Filter>
    </ClInclude>
    <ClInclude Include="packages.h">
      <Filter>Source Files</Filter>
    </ClInclude>
    <ClInclude Include="builderDevice.h">
      <Filter>Source Files</Filter>
    </ClInclude>
  </ItemGroup>
  <ItemGroup>
    <Text Include="CMakeLists.txt" />
    <Text Include="Debug\sniffer_packages.Build.CppClean.log" />
    <Text Include="Debug\sniffer_packages.log" />
    <Text Include="Debug\sniffer_packages.vcxproj.FileListAbsolute.txt" />
    <Text Include="x64\Debug\sniffer_packages.Build.CppClean.log" />
    <Text Include="x64\Debug\sniffer_packages.log" />
    <Text Include="x64\Debug\sniffer_packages.vcxproj.FileListAbsolute.txt" />
  </ItemGroup>
  <ItemGroup>
    <None Include="x64\Debug\handleProto.h_33B97AE900A91620.ifc.dt.d.json" />
    <None Include="Debug\vc143.idb" />
    <None Include="Debug\vc143.pdb" />
    <None Include="Debug\sniffer_packages.tlog\CL.command.1.tlog" />
    <None Include="Debug\sniffer_packages.tlog\CL.read.1.tlog" />
    <None Include="Debug\sniffer_packages.tlog\CL.write.1.tlog" />
    <None Include="Debug\sniffer_packages.tlog\sniffer_packages.lastbuildstate" />
    <None Include="Debug\sniffer_packages.tlog\unsuccessfulbuild" />
    <None Include="x64\Debug\sniffer_packages.dll.recipe" />
    <None Include="CMakePresets.json" />
    <None Include="x64\Debug\handleProto.h.ifc" />
    <None Include="x64\Debug\handleProto.h.ifc.d.json" />
    <None Include="x64\Debug\handleproto.h.module.json" />
    <None Include="x64\Debug\handleProto.h_33B97AE900A91620.ifc.dt.module.json" />
    <None Include="x64\Debug\handleProto.h_33B97AE900A91620.ifc.dt.module.json.command" />
    <None Include="x64\Debug\vc143.pdb" />
  </ItemGroup>
  <ItemGroup>
    <Object Include="Debug\handleProto.obj" />
    <Object Include="x64\Debug\handleProto.h.obj" />
    <Object Include="x64\Debug\mainFunc.obj" />
  </ItemGroup>
</Project>